
Microsoft Visual Studio Solution File, Format Version 12.00
# Visual Studio Version 17
VisualStudioVersion = 17.1.32414.318
MinimumVisualStudioVersion = 10.0.40219.1
Project("{54A90642-561A-4BB1-A94E-469ADEE60C69}") = "RebeccaCarletti", "RebeccaCarletti\RebeccaCarletti.esproj", "{7728BF99-8762-436B-BD76-925F30CAF27F}"
EndProject
Project("{FAE04EC0-301F-11D3-BF4B-00C04F79EFBC}") = "RebeccaCarlettiBackend", "RebeccaCarlettiBackend\RebeccaCarlettiBackend.csproj", "{409B3460-F973-425F-83C1-44293CF50D27}"
EndProject
Global
	GlobalSection(SolutionConfigurationPlatforms) = preSolution
		Debug|Any CPU = Debug|Any CPU
		Release|Any CPU = Release|Any CPU
	EndGlobalSection
	GlobalSection(ProjectConfigurationPlatforms) = postSolution
		{7728BF99-8762-436B-BD76-925F30CAF27F}.Debug|Any CPU.ActiveCfg = Debug|Any CPU
		{7728BF99-8762-436B-BD76-925F30CAF27F}.Debug|Any CPU.Build.0 = Debug|Any CPU
		{7728BF99-8762-436B-BD76-925F30CAF27F}.Debug|Any CPU.Deploy.0 = Debug|Any CPU
		{7728BF99-8762-436B-BD76-925F30CAF27F}.Release|Any CPU.ActiveCfg = Release|Any CPU
		{7728BF99-8762-436B-BD76-925F30CAF27F}.Release|Any CPU.Build.0 = Release|Any CPU
		{7728BF99-8762-436B-BD76-925F30CAF27F}.Release|Any CPU.Deploy.0 = Release|Any CPU
		{409B3460-F973-425F-83C1-44293CF50D27}.Debug|Any CPU.ActiveCfg = Debug|Any CPU
		{409B3460-F973-425F-83C1-44293CF50D27}.Debug|Any CPU.Build.0 = Debug|Any CPU
		{409B3460-F973-425F-83C1-44293CF50D27}.Release|Any CPU.ActiveCfg = Release|Any CPU
		{409B3460-F973-425F-83C1-44293CF50D27}.Release|Any CPU.Build.0 = Release|Any CPU
	EndGlobalSection
	GlobalSection(SolutionProperties) = preSolution
		HideSolutionNode = FALSE
	EndGlobalSection
	GlobalSection(ExtensibilityGlobals) = postSolution
		SolutionGuid = {0906FF38-C4B9-4C16-88B5-560E31FCB715}
	EndGlobalSection
EndGlobal
